
Microsoft Visual Studio Solution File, Format Version 12.00
# Visual Studio Version 17
VisualStudioVersion = 17.0.31919.166
MinimumVisualStudioVersion = 10.0.40219.1
Project("{FAE04EC0-301F-11D3-BF4B-00C04F79EFBC}") = "StulKnihovna", "Stul\StulKnihovna.csproj", "{DCFC45F0-499E-4367-A531-A573C28CDC6C}"
EndProject
Global
	GlobalSection(SolutionConfigurationPlatforms) = preSolution
		Debug|Any CPU = Debug|Any CPU
		Release|Any CPU = Release|Any CPU
	EndGlobalSection
	GlobalSection(ProjectConfigurationPlatforms) = postSolution
		{DCFC45F0-499E-4367-A531-A573C28CDC6C}.Debug|Any CPU.ActiveCfg = Debug|Any CPU
		{DCFC45F0-499E-4367-A531-A573C28CDC6C}.Debug|Any CPU.Build.0 = Debug|Any CPU
		{DCFC45F0-499E-4367-A531-A573C28CDC6C}.Release|Any CPU.ActiveCfg = Release|Any CPU
		{DCFC45F0-499E-4367-A531-A573C28CDC6C}.Release|Any CPU.Build.0 = Release|Any CPU
	EndGlobalSection
	GlobalSection(SolutionProperties) = preSolution
		HideSolutionNode = FALSE
	EndGlobalSection
	GlobalSection(ExtensibilityGlobals) = postSolution
		SolutionGuid = {A41F7D8F-E541-4E83-AC89-7CA47FC8EBCC}
	EndGlobalSection
EndGlobal
